// !$*UTF8*$!
{
	archiveVersion = 1;
	classes = {
	};
	objectVersion = 55;
	objects = {

/* Begin PBXBuildFile section */
		D6C8EBE228B7766D0055056B /* LandmarksApp.swift in Sources */ = {isa = PBXBuildFile; fileRef = D6C8EBE128B7766D0055056B /* LandmarksApp.swift */; };
		D6C8EBE428B7766D0055056B /* ContentView.swift in Sources */ = {isa = PBXBuildFile; fileRef = D6C8EBE328B7766D0055056B /* ContentView.swift */; };
		D6C8EBE628B776710055056B /* Assets.xcassets in Resources */ = {isa = PBXBuildFile; fileRef = D6C8EBE528B776710055056B /* Assets.xcassets */; };
		D6C8EBE928B776710055056B /* Preview Assets.xcassets in Resources */ = {isa = PBXBuildFile; fileRef = D6C8EBE828B776710055056B /* Preview Assets.xcassets */; };
		D6C8EBF128B776D90055056B /* MapView.swift in Sources */ = {isa = PBXBuildFile; fileRef = D6C8EBF028B776D90055056B /* MapView.swift */; };
		D6C8EBF328B7770A0055056B /* CircleImage.swift in Sources */ = {isa = PBXBuildFile; fileRef = D6C8EBF228B7770A0055056B /* CircleImage.swift */; };
		D6C8EBF528B777900055056B /* LandmarkList.swift in Sources */ = {isa = PBXBuildFile; fileRef = D6C8EBF428B777900055056B /* LandmarkList.swift */; };
		D6C8EBF728B777C50055056B /* LandmarkDetail.swift in Sources */ = {isa = PBXBuildFile; fileRef = D6C8EBF628B777C50055056B /* LandmarkDetail.swift */; };
		D6C8EBF928B778720055056B /* Landmark.swift in Sources */ = {isa = PBXBuildFile; fileRef = D6C8EBF828B778720055056B /* Landmark.swift */; };
		D6C8EBFB28B7789D0055056B /* LandmarkRow.swift in Sources */ = {isa = PBXBuildFile; fileRef = D6C8EBFA28B7789D0055056B /* LandmarkRow.swift */; };
		D6C8EBFD28B778CB0055056B /* ModelData.swift in Sources */ = {isa = PBXBuildFile; fileRef = D6C8EBFC28B778CB0055056B /* ModelData.swift */; };
		D6C8EBFF28B779CB0055056B /* FavoriteButton.swift in Sources */ = {isa = PBXBuildFile; fileRef = D6C8EBFE28B779CB0055056B /* FavoriteButton.swift */; };
		D6C8EC0628B77B660055056B /* Badge.swift in Sources */ = {isa = PBXBuildFile; fileRef = D6C8EC0528B77B660055056B /* Badge.swift */; };
		D6C8EC0828B77B9C0055056B /* RotatedBadgeSymbol.swift in Sources */ = {isa = PBXBuildFile; fileRef = D6C8EC0728B77B9C0055056B /* RotatedBadgeSymbol.swift */; };
		D6C8EC0A28B77BB40055056B /* BadgeSymbol.swift in Sources */ = {isa = PBXBuildFile; fileRef = D6C8EC0928B77BB40055056B /* BadgeSymbol.swift */; };
		D6C8EC0C28B77C520055056B /* BadgeBackground.swift in Sources */ = {isa = PBXBuildFile; fileRef = D6C8EC0B28B77C520055056B /* BadgeBackground.swift */; };
		D6C8EC0E28B77C8F0055056B /* HexagoneParameters.swift in Sources */ = {isa = PBXBuildFile; fileRef = D6C8EC0D28B77C8F0055056B /* HexagoneParameters.swift */; };
		D6C8EC1028B77CFB0055056B /* HikeGraph.swift in Sources */ = {isa = PBXBuildFile; fileRef = D6C8EC0F28B77CFB0055056B /* HikeGraph.swift */; };
		D6C8EC1228B77D280055056B /* HikeView.swift in Sources */ = {isa = PBXBuildFile; fileRef = D6C8EC1128B77D280055056B /* HikeView.swift */; };
		D6C8EC1428B77D7B0055056B /* Hike.swift in Sources */ = {isa = PBXBuildFile; fileRef = D6C8EC1328B77D7B0055056B /* Hike.swift */; };
		D6C8EC1628B77E0E0055056B /* CategoryItem.swift in Sources */ = {isa = PBXBuildFile; fileRef = D6C8EC1528B77E0E0055056B /* CategoryItem.swift */; };
		D6C8EC1828B77E2C0055056B /* CategoryRow.swift in Sources */ = {isa = PBXBuildFile; fileRef = D6C8EC1728B77E2C0055056B /* CategoryRow.swift */; };
		D6C8EC1A28B77E8E0055056B /* CategoryHome.swift in Sources */ = {isa = PBXBuildFile; fileRef = D6C8EC1928B77E8E0055056B /* CategoryHome.swift */; };
		D6C8EC1C28B77F460055056B /* ProfileHost.swift in Sources */ = {isa = PBXBuildFile; fileRef = D6C8EC1B28B77F460055056B /* ProfileHost.swift */; };
		D6C8EC1E28B77F6C0055056B /* ProfileEditor.swift in Sources */ = {isa = PBXBuildFile; fileRef = D6C8EC1D28B77F6C0055056B /* ProfileEditor.swift */; };
		D6C8EC2028B77FCC0055056B /* ProfileSummary.swift in Sources */ = {isa = PBXBuildFile; fileRef = D6C8EC1F28B77FCC0055056B /* ProfileSummary.swift */; };
		D6C8EC2228B780010055056B /* HikeBadge.swift in Sources */ = {isa = PBXBuildFile; fileRef = D6C8EC2128B780010055056B /* HikeBadge.swift */; };
		D6C8EC2428B780700055056B /* Resources in Resources */ = {isa = PBXBuildFile; fileRef = D6C8EC2328B7806F0055056B /* Resources */; };
		D6C8EC2628B780E00055056B /* PageControl.swift in Sources */ = {isa = PBXBuildFile; fileRef = D6C8EC2528B780E00055056B /* PageControl.swift */; };
		D6C8EC2828B781540055056B /* PageView.swift in Sources */ = {isa = PBXBuildFile; fileRef = D6C8EC2728B781540055056B /* PageView.swift */; };
		D6C8EC2A28B781880055056B /* PageViewController.swift in Sources */ = {isa = PBXBuildFile; fileRef = D6C8EC2928B781880055056B /* PageViewController.swift */; };
		D6C8EC2C28B781C90055056B /* FeatureCard.swift in Sources */ = {isa = PBXBuildFile; fileRef = D6C8EC2B28B781C90055056B /* FeatureCard.swift */; };
		D6CCCD9C28B784990003B188 /* WatchLandmarks Extension in Resources */ = {isa = PBXBuildFile; fileRef = D6CCCD9A28B784990003B188 /* WatchLandmarks Extension */; };
		D6CCCD9D28B784990003B188 /* WatchLandmarks in Resources */ = {isa = PBXBuildFile; fileRef = D6CCCD9B28B784990003B188 /* WatchLandmarks */; };
		D6CCCD9F28B784EB0003B188 /* MacLandmarks in Resources */ = {isa = PBXBuildFile; fileRef = D6CCCD9E28B784EB0003B188 /* MacLandmarks */; };
/* End PBXBuildFile section */

/* Begin PBXFileReference section */
		D6C8EBDE28B7766D0055056B /* Landmarks.app */ = {isa = PBXFileReference; explicitFileType = wrapper.application; includeInIndex = 0; path = Landmarks.app; sourceTree = BUILT_PRODUCTS_DIR; };
		D6C8EBE128B7766D0055056B /* LandmarksApp.swift */ = {isa = PBXFileReference; lastKnownFileType = sourcecode.swift; path = LandmarksApp.swift; sourceTree = "<group>"; };
		D6C8EBE328B7766D0055056B /* ContentView.swift */ = {isa = PBXFileReference; lastKnownFileType = sourcecode.swift; path = ContentView.swift; sourceTree = "<group>"; };
		D6C8EBE528B776710055056B /* Assets.xcassets */ = {isa = PBXFileReference; lastKnownFileType = folder.assetcatalog; path = Assets.xcassets; sourceTree = "<group>"; };
		D6C8EBE828B776710055056B /* Preview Assets.xcassets */ = {isa = PBXFileReference; lastKnownFileType = folder.assetcatalog; path = "Preview Assets.xcassets"; sourceTree = "<group>"; };
		D6C8EBEA28B776710055056B /* Landmarks.entitlements */ = {isa = PBXFileReference; lastKnownFileType = text.plist.entitlements; path = Landmarks.entitlements; sourceTree = "<group>"; };
		D6C8EBF028B776D90055056B /* MapView.swift */ = {isa = PBXFileReference; lastKnownFileType = sourcecode.swift; path = MapView.swift; sourceTree = "<group>"; };
		D6C8EBF228B7770A0055056B /* CircleImage.swift */ = {isa = PBXFileReference; lastKnownFileType = sourcecode.swift; path = CircleImage.swift; sourceTree = "<group>"; };
		D6C8EBF428B777900055056B /* LandmarkList.swift */ = {isa = PBXFileReference; lastKnownFileType = sourcecode.swift; path = LandmarkList.swift; sourceTree = "<group>"; };
		D6C8EBF628B777C50055056B /* LandmarkDetail.swift */ = {isa = PBXFileReference; lastKnownFileType = sourcecode.swift; path = LandmarkDetail.swift; sourceTree = "<group>"; };
		D6C8EBF828B778720055056B /* Landmark.swift */ = {isa = PBXFileReference; lastKnownFileType = sourcecode.swift; path = Landmark.swift; sourceTree = "<group>"; };
		D6C8EBFA28B7789D0055056B /* LandmarkRow.swift */ = {isa = PBXFileReference; lastKnownFileType = sourcecode.swift; path = LandmarkRow.swift; sourceTree = "<group>"; };
		D6C8EBFC28B778CB0055056B /* ModelData.swift */ = {isa = PBXFileReference; lastKnownFileType = sourcecode.swift; path = ModelData.swift; sourceTree = "<group>"; };
		D6C8EBFE28B779CB0055056B /* FavoriteButton.swift */ = {isa = PBXFileReference; lastKnownFileType = sourcecode.swift; path = FavoriteButton.swift; sourceTree = "<group>"; };
		D6C8EC0528B77B660055056B /* Badge.swift */ = {isa = PBXFileReference; lastKnownFileType = sourcecode.swift; path = Badge.swift; sourceTree = "<group>"; };
		D6C8EC0728B77B9C0055056B /* RotatedBadgeSymbol.swift */ = {isa = PBXFileReference; lastKnownFileType = sourcecode.swift; path = RotatedBadgeSymbol.swift; sourceTree = "<group>"; };
		D6C8EC0928B77BB40055056B /* BadgeSymbol.swift */ = {isa = PBXFileReference; lastKnownFileType = sourcecode.swift; path = BadgeSymbol.swift; sourceTree = "<group>"; };
		D6C8EC0B28B77C520055056B /* BadgeBackground.swift */ = {isa = PBXFileReference; lastKnownFileType = sourcecode.swift; path = BadgeBackground.swift; sourceTree = "<group>"; };
		D6C8EC0D28B77C8F0055056B /* HexagoneParameters.swift */ = {isa = PBXFileReference; lastKnownFileType = sourcecode.swift; path = HexagoneParameters.swift; sourceTree = "<group>"; };
		D6C8EC0F28B77CFB0055056B /* HikeGraph.swift */ = {isa = PBXFileReference; lastKnownFileType = sourcecode.swift; path = HikeGraph.swift; sourceTree = "<group>"; };
		D6C8EC1128B77D280055056B /* HikeView.swift */ = {isa = PBXFileReference; lastKnownFileType = sourcecode.swift; path = HikeView.swift; sourceTree = "<group>"; };
		D6C8EC1328B77D7B0055056B /* Hike.swift */ = {isa = PBXFileReference; lastKnownFileType = sourcecode.swift; path = Hike.swift; sourceTree = "<group>"; };
		D6C8EC1528B77E0E0055056B /* CategoryItem.swift */ = {isa = PBXFileReference; lastKnownFileType = sourcecode.swift; path = CategoryItem.swift; sourceTree = "<group>"; };
		D6C8EC1728B77E2C0055056B /* CategoryRow.swift */ = {isa = PBXFileReference; lastKnownFileType = sourcecode.swift; path = CategoryRow.swift; sourceTree = "<group>"; };
		D6C8EC1928B77E8E0055056B /* CategoryHome.swift */ = {isa = PBXFileReference; lastKnownFileType = sourcecode.swift; path = CategoryHome.swift; sourceTree = "<group>"; };
		D6C8EC1B28B77F460055056B /* ProfileHost.swift */ = {isa = PBXFileReference; lastKnownFileType = sourcecode.swift; path = ProfileHost.swift; sourceTree = "<group>"; };
		D6C8EC1D28B77F6C0055056B /* ProfileEditor.swift */ = {isa = PBXFileReference; lastKnownFileType = sourcecode.swift; path = ProfileEditor.swift; sourceTree = "<group>"; };
		D6C8EC1F28B77FCC0055056B /* ProfileSummary.swift */ = {isa = PBXFileReference; lastKnownFileType = sourcecode.swift; path = ProfileSummary.swift; sourceTree = "<group>"; };
		D6C8EC2128B780010055056B /* HikeBadge.swift */ = {isa = PBXFileReference; lastKnownFileType = sourcecode.swift; path = HikeBadge.swift; sourceTree = "<group>"; };
		D6C8EC2328B7806F0055056B /* Resources */ = {isa = PBXFileReference; lastKnownFileType = folder; path = Resources; sourceTree = "<group>"; };
		D6C8EC2528B780E00055056B /* PageControl.swift */ = {isa = PBXFileReference; lastKnownFileType = sourcecode.swift; path = PageControl.swift; sourceTree = "<group>"; };
		D6C8EC2728B781540055056B /* PageView.swift */ = {isa = PBXFileReference; lastKnownFileType = sourcecode.swift; path = PageView.swift; sourceTree = "<group>"; };
		D6C8EC2928B781880055056B /* PageViewController.swift */ = {isa = PBXFileReference; lastKnownFileType = sourcecode.swift; path = PageViewController.swift; sourceTree = "<group>"; };
		D6C8EC2B28B781C90055056B /* FeatureCard.swift */ = {isa = PBXFileReference; lastKnownFileType = sourcecode.swift; path = FeatureCard.swift; sourceTree = "<group>"; };
		D6CCCD9A28B784990003B188 /* WatchLandmarks Extension */ = {isa = PBXFileReference; lastKnownFileType = folder; path = "WatchLandmarks Extension"; sourceTree = "<group>"; };
		D6CCCD9B28B784990003B188 /* WatchLandmarks */ = {isa = PBXFileReference; lastKnownFileType = folder; path = WatchLandmarks; sourceTree = "<group>"; };
		D6CCCD9E28B784EB0003B188 /* MacLandmarks */ = {isa = PBXFileReference; lastKnownFileType = folder; path = MacLandmarks; sourceTree = "<group>"; };
/* End PBXFileReference section */

/* Begin PBXFrameworksBuildPhase section */
		D6C8EBDB28B7766D0055056B /* Frameworks */ = {
			isa = PBXFrameworksBuildPhase;
			buildActionMask = 2147483647;
			files = (
			);
			runOnlyForDeploymentPostprocessing = 0;
		};
/* End PBXFrameworksBuildPhase section */

/* Begin PBXGroup section */
		D6C8EBD528B7766C0055056B = {
			isa = PBXGroup;
			children = (
				D6CCCD9E28B784EB0003B188 /* MacLandmarks */,
				D6CCCD9B28B784990003B188 /* WatchLandmarks */,
				D6CCCD9A28B784990003B188 /* WatchLandmarks Extension */,
				D6C8EBE028B7766D0055056B /* Landmarks */,
				D6C8EBDF28B7766D0055056B /* Products */,
			);
			sourceTree = "<group>";
		};
		D6C8EBDF28B7766D0055056B /* Products */ = {
			isa = PBXGroup;
			children = (
				D6C8EBDE28B7766D0055056B /* Landmarks.app */,
			);
			name = Products;
			sourceTree = "<group>";
		};
		D6C8EBE028B7766D0055056B /* Landmarks */ = {
			isa = PBXGroup;
			children = (
				D6C8EBE128B7766D0055056B /* LandmarksApp.swift */,
				D6C8EC2328B7806F0055056B /* Resources */,
				D6C8EC0428B77B440055056B /* Badges */,
				D6C8EC0328B77B360055056B /* Models */,
				D6C8EC0228B77B240055056B /* Controls */,
				D6C8EC0128B77B0B0055056B /* Views */,
				D6C8EC0028B77AF40055056B /* Landmarks */,
				D6C8EBE528B776710055056B /* Assets.xcassets */,
				D6C8EBEA28B776710055056B /* Landmarks.entitlements */,
				D6C8EBE728B776710055056B /* Preview Content */,
			);
			path = Landmarks;
			sourceTree = "<group>";
		};
		D6C8EBE728B776710055056B /* Preview Content */ = {
			isa = PBXGroup;
			children = (
				D6C8EBE828B776710055056B /* Preview Assets.xcassets */,
			);
			path = "Preview Content";
			sourceTree = "<group>";
		};
		D6C8EC0028B77AF40055056B /* Landmarks */ = {
			isa = PBXGroup;
			children = (
				D6C8EBF828B778720055056B /* Landmark.swift */,
				D6C8EBF428B777900055056B /* LandmarkList.swift */,
				D6C8EBF628B777C50055056B /* LandmarkDetail.swift */,
				D6C8EBFA28B7789D0055056B /* LandmarkRow.swift */,
			);
			path = Landmarks;
			sourceTree = "<group>";
		};
		D6C8EC0128B77B0B0055056B /* Views */ = {
			isa = PBXGroup;
			children = (
				D6C8EBE328B7766D0055056B /* ContentView.swift */,
				D6C8EBF028B776D90055056B /* MapView.swift */,
				D6C8EC1128B77D280055056B /* HikeView.swift */,
				D6C8EC1928B77E8E0055056B /* CategoryHome.swift */,
				D6C8EC1B28B77F460055056B /* ProfileHost.swift */,
				D6C8EC1D28B77F6C0055056B /* ProfileEditor.swift */,
				D6C8EC1F28B77FCC0055056B /* ProfileSummary.swift */,
				D6C8EC2728B781540055056B /* PageView.swift */,
				D6C8EC2928B781880055056B /* PageViewController.swift */,
			);
			path = Views;
			sourceTree = "<group>";
		};
		D6C8EC0228B77B240055056B /* Controls */ = {
			isa = PBXGroup;
			children = (
				D6C8EBF228B7770A0055056B /* CircleImage.swift */,
				D6C8EBFE28B779CB0055056B /* FavoriteButton.swift */,
				D6C8EC0F28B77CFB0055056B /* HikeGraph.swift */,
				D6C8EC1528B77E0E0055056B /* CategoryItem.swift */,
				D6C8EC1728B77E2C0055056B /* CategoryRow.swift */,
				D6C8EC2B28B781C90055056B /* FeatureCard.swift */,
			);
			path = Controls;
			sourceTree = "<group>";
		};
		D6C8EC0328B77B360055056B /* Models */ = {
			isa = PBXGroup;
			children = (
				D6C8EBFC28B778CB0055056B /* ModelData.swift */,
				D6C8EC1328B77D7B0055056B /* Hike.swift */,
				D6C8EC2528B780E00055056B /* PageControl.swift */,
			);
			path = Models;
			sourceTree = "<group>";
		};
		D6C8EC0428B77B440055056B /* Badges */ = {
			isa = PBXGroup;
			children = (
				D6C8EC0528B77B660055056B /* Badge.swift */,
				D6C8EC0728B77B9C0055056B /* RotatedBadgeSymbol.swift */,
				D6C8EC0928B77BB40055056B /* BadgeSymbol.swift */,
				D6C8EC0B28B77C520055056B /* BadgeBackground.swift */,
				D6C8EC0D28B77C8F0055056B /* HexagoneParameters.swift */,
				D6C8EC2128B780010055056B /* HikeBadge.swift */,
			);
			path = Badges;
			sourceTree = "<group>";
		};
/* End PBXGroup section */

/* Begin PBXNativeTarget section */
		D6C8EBDD28B7766D0055056B /* Landmarks */ = {
			isa = PBXNativeTarget;
			buildConfigurationList = D6C8EBED28B776710055056B /* Build configuration list for PBXNativeTarget "Landmarks" */;
			buildPhases = (
				D6C8EBDA28B7766D0055056B /* Sources */,
				D6C8EBDB28B7766D0055056B /* Frameworks */,
				D6C8EBDC28B7766D0055056B /* Resources */,
			);
			buildRules = (
			);
			dependencies = (
			);
			name = Landmarks;
			productName = Landmarks;
			productReference = D6C8EBDE28B7766D0055056B /* Landmarks.app */;
			productType = "com.apple.product-type.application";
		};
/* End PBXNativeTarget section */

/* Begin PBXProject section */
		D6C8EBD628B7766C0055056B /* Project object */ = {
			isa = PBXProject;
			attributes = {
				BuildIndependentTargetsInParallel = 1;
				LastSwiftUpdateCheck = 1340;
				LastUpgradeCheck = 1340;
				TargetAttributes = {
					D6C8EBDD28B7766D0055056B = {
						CreatedOnToolsVersion = 13.4.1;
					};
				};
			};
			buildConfigurationList = D6C8EBD928B7766C0055056B /* Build configuration list for PBXProject "Landmarks" */;
			compatibilityVersion = "Xcode 13.0";
			developmentRegion = en;
			hasScannedForEncodings = 0;
			knownRegions = (
				en,
				Base,
			);
			mainGroup = D6C8EBD528B7766C0055056B;
			productRefGroup = D6C8EBDF28B7766D0055056B /* Products */;
			projectDirPath = "";
			projectRoot = "";
			targets = (
				D6C8EBDD28B7766D0055056B /* Landmarks */,
			);
		};
/* End PBXProject section */

/* Begin PBXResourcesBuildPhase section */
		D6C8EBDC28B7766D0055056B /* Resources */ = {
			isa = PBXResourcesBuildPhase;
			buildActionMask = 2147483647;
			files = (
				D6C8EBE928B776710055056B /* Preview Assets.xcassets in Resources */,
				D6CCCD9D28B784990003B188 /* WatchLandmarks in Resources */,
				D6CCCD9F28B784EB0003B188 /* MacLandmarks in Resources */,
				D6CCCD9C28B784990003B188 /* WatchLandmarks Extension in Resources */,
				D6C8EBE628B776710055056B /* Assets.xcassets in Resources */,
				D6C8EC2428B780700055056B /* Resources in Resources */,
			);
			runOnlyForDeploymentPostprocessing = 0;
		};
/* End PBXResourcesBuildPhase section */

/* Begin PBXSourcesBuildPhase section */
		D6C8EBDA28B7766D0055056B /* Sources */ = {
			isa = PBXSourcesBuildPhase;
			buildActionMask = 2147483647;
			files = (
				D6C8EBF928B778720055056B /* Landmark.swift in Sources */,
				D6C8EC1A28B77E8E0055056B /* CategoryHome.swift in Sources */,
				D6C8EC2C28B781C90055056B /* FeatureCard.swift in Sources */,
				D6C8EBE428B7766D0055056B /* ContentView.swift in Sources */,
				D6C8EC1828B77E2C0055056B /* CategoryRow.swift in Sources */,
				D6C8EC0628B77B660055056B /* Badge.swift in Sources */,
				D6C8EC1628B77E0E0055056B /* CategoryItem.swift in Sources */,
				D6C8EBFD28B778CB0055056B /* ModelData.swift in Sources */,
				D6C8EC2828B781540055056B /* PageView.swift in Sources */,
				D6C8EBFF28B779CB0055056B /* FavoriteButton.swift in Sources */,
				D6C8EC1228B77D280055056B /* HikeView.swift in Sources */,
				D6C8EC1428B77D7B0055056B /* Hike.swift in Sources */,
				D6C8EC2228B780010055056B /* HikeBadge.swift in Sources */,
				D6C8EC0A28B77BB40055056B /* BadgeSymbol.swift in Sources */,
				D6C8EC0E28B77C8F0055056B /* HexagoneParameters.swift in Sources */,
				D6C8EBF328B7770A0055056B /* CircleImage.swift in Sources */,
				D6C8EC2A28B781880055056B /* PageViewController.swift in Sources */,
				D6C8EBF128B776D90055056B /* MapView.swift in Sources */,
				D6C8EC2028B77FCC0055056B /* ProfileSummary.swift in Sources */,
				D6C8EC2628B780E00055056B /* PageControl.swift in Sources */,
				D6C8EBE228B7766D0055056B /* LandmarksApp.swift in Sources */,
				D6C8EC0C28B77C520055056B /* BadgeBackground.swift in Sources */,
				D6C8EBF728B777C50055056B /* LandmarkDetail.swift in Sources */,
				D6C8EBFB28B7789D0055056B /* LandmarkRow.swift in Sources */,
				D6C8EC1028B77CFB0055056B /* HikeGraph.swift in Sources */,
				D6C8EC1E28B77F6C0055056B /* ProfileEditor.swift in Sources */,
				D6C8EBF528B777900055056B /* LandmarkList.swift in Sources */,
				D6C8EC0828B77B9C0055056B /* RotatedBadgeSymbol.swift in Sources */,
				D6C8EC1C28B77F460055056B /* ProfileHost.swift in Sources */,
			);
			runOnlyForDeploymentPostprocessing = 0;
		};
/* End PBXSourcesBuildPhase section */

/* Begin XCBuildConfiguration section */
		D6C8EBEB28B776710055056B /* Debug */ = {
			isa = XCBuildConfiguration;
			buildSettings = {
				ALWAYS_SEARCH_USER_PATHS = NO;
				CLANG_ANALYZER_NONNULL = YES;
				CLANG_ANALYZER_NUMBER_OBJECT_CONVERSION = YES_AGGRESSIVE;
				CLANG_CXX_LANGUAGE_STANDARD = "gnu++17";
				CLANG_ENABLE_MODULES = YES;
				CLANG_ENABLE_OBJC_ARC = YES;
				CLANG_ENABLE_OBJC_WEAK = YES;
				CLANG_WARN_BLOCK_CAPTURE_AUTORELEASING = YES;
				CLANG_WARN_BOOL_CONVERSION = YES;
				CLANG_WARN_COMMA = YES;
				CLANG_WARN_CONSTANT_CONVERSION = YES;
				CLANG_WARN_DEPRECATED_OBJC_IMPLEMENTATIONS = YES;
				CLANG_WARN_DIRECT_OBJC_ISA_USAGE = YES_ERROR;
				CLANG_WARN_DOCUMENTATION_COMMENTS = YES;
				CLANG_WARN_EMPTY_BODY = YES;
				CLANG_WARN_ENUM_CONVERSION = YES;
				CLANG_WARN_INFINITE_RECURSION = YES;
				CLANG_WARN_INT_CONVERSION = YES;
				CLANG_WARN_NON_LITERAL_NULL_CONVERSION = YES;
				CLANG_WARN_OBJC_IMPLICIT_RETAIN_SELF = YES;
				CLANG_WARN_OBJC_LITERAL_CONVERSION = YES;
				CLANG_WARN_OBJC_ROOT_CLASS = YES_ERROR;
				CLANG_WARN_QUOTED_INCLUDE_IN_FRAMEWORK_HEADER = YES;
				CLANG_WARN_RANGE_LOOP_ANALYSIS = YES;
				CLANG_WARN_STRICT_PROTOTYPES = YES;
				CLANG_WARN_SUSPICIOUS_MOVE = YES;
				CLANG_WARN_UNGUARDED_AVAILABILITY = YES_AGGRESSIVE;
				CLANG_WARN_UNREACHABLE_CODE = YES;
				CLANG_WARN__DUPLICATE_METHOD_MATCH = YES;
				COPY_PHASE_STRIP = NO;
				DEBUG_INFORMATION_FORMAT = dwarf;
				ENABLE_STRICT_OBJC_MSGSEND = YES;
				ENABLE_TESTABILITY = YES;
				GCC_C_LANGUAGE_STANDARD = gnu11;
				GCC_DYNAMIC_NO_PIC = NO;
				GCC_NO_COMMON_BLOCKS = YES;
				GCC_OPTIMIZATION_LEVEL = 0;
				GCC_PREPROCESSOR_DEFINITIONS = (
					"DEBUG=1",
					"$(inherited)",
				);
				GCC_WARN_64_TO_32_BIT_CONVERSION = YES;
				GCC_WARN_ABOUT_RETURN_TYPE = YES_ERROR;
				GCC_WARN_UNDECLARED_SELECTOR = YES;
				GCC_WARN_UNINITIALIZED_AUTOS = YES_AGGRESSIVE;
				GCC_WARN_UNUSED_FUNCTION = YES;
				GCC_WARN_UNUSED_VARIABLE = YES;
				MACOSX_DEPLOYMENT_TARGET = 12.3;
				MTL_ENABLE_DEBUG_INFO = INCLUDE_SOURCE;
				MTL_FAST_MATH = YES;
				ONLY_ACTIVE_ARCH = YES;
				SDKROOT = macosx;
				SWIFT_ACTIVE_COMPILATION_CONDITIONS = DEBUG;
				SWIFT_OPTIMIZATION_LEVEL = "-Onone";
			};
			name = Debug;
		};
		D6C8EBEC28B776710055056B /* Release */ = {
			isa = XCBuildConfiguration;
			buildSettings = {
				ALWAYS_SEARCH_USER_PATHS = NO;
				CLANG_ANALYZER_NONNULL = YES;
				CLANG_ANALYZER_NUMBER_OBJECT_CONVERSION = YES_AGGRESSIVE;
				CLANG_CXX_LANGUAGE_STANDARD = "gnu++17";
				CLANG_ENABLE_MODULES = YES;
				CLANG_ENABLE_OBJC_ARC = YES;
				CLANG_ENABLE_OBJC_WEAK = YES;
				CLANG_WARN_BLOCK_CAPTURE_AUTORELEASING = YES;
				CLANG_WARN_BOOL_CONVERSION = YES;
				CLANG_WARN_COMMA = YES;
				CLANG_WARN_CONSTANT_CONVERSION = YES;
				CLANG_WARN_DEPRECATED_OBJC_IMPLEMENTATIONS = YES;
				CLANG_WARN_DIRECT_OBJC_ISA_USAGE = YES_ERROR;
				CLANG_WARN_DOCUMENTATION_COMMENTS = YES;
				CLANG_WARN_EMPTY_BODY = YES;
				CLANG_WARN_ENUM_CONVERSION = YES;
				CLANG_WARN_INFINITE_RECURSION = YES;
				CLANG_WARN_INT_CONVERSION = YES;
				CLANG_WARN_NON_LITERAL_NULL_CONVERSION = YES;
				CLANG_WARN_OBJC_IMPLICIT_RETAIN_SELF = YES;
				CLANG_WARN_OBJC_LITERAL_CONVERSION = YES;
				CLANG_WARN_OBJC_ROOT_CLASS = YES_ERROR;
				CLANG_WARN_QUOTED_INCLUDE_IN_FRAMEWORK_HEADER = YES;
				CLANG_WARN_RANGE_LOOP_ANALYSIS = YES;
				CLANG_WARN_STRICT_PROTOTYPES = YES;
				CLANG_WARN_SUSPICIOUS_MOVE = YES;
				CLANG_WARN_UNGUARDED_AVAILABILITY = YES_AGGRESSIVE;
				CLANG_WARN_UNREACHABLE_CODE = YES;
				CLANG_WARN__DUPLICATE_METHOD_MATCH = YES;
				COPY_PHASE_STRIP = NO;
				DEBUG_INFORMATION_FORMAT = "dwarf-with-dsym";
				ENABLE_NS_ASSERTIONS = NO;
				ENABLE_STRICT_OBJC_MSGSEND = YES;
				GCC_C_LANGUAGE_STANDARD = gnu11;
				GCC_NO_COMMON_BLOCKS = YES;
				GCC_WARN_64_TO_32_BIT_CONVERSION = YES;
				GCC_WARN_ABOUT_RETURN_TYPE = YES_ERROR;
				GCC_WARN_UNDECLARED_SELECTOR = YES;
				GCC_WARN_UNINITIALIZED_AUTOS = YES_AGGRESSIVE;
				GCC_WARN_UNUSED_FUNCTION = YES;
				GCC_WARN_UNUSED_VARIABLE = YES;
				MACOSX_DEPLOYMENT_TARGET = 12.3;
				MTL_ENABLE_DEBUG_INFO = NO;
				MTL_FAST_MATH = YES;
				SDKROOT = macosx;
				SWIFT_COMPILATION_MODE = wholemodule;
				SWIFT_OPTIMIZATION_LEVEL = "-O";
			};
			name = Release;
		};
		D6C8EBEE28B776710055056B /* Debug */ = {
			isa = XCBuildConfiguration;
			buildSettings = {
				ASSETCATALOG_COMPILER_APPICON_NAME = AppIcon;
				ASSETCATALOG_COMPILER_GLOBAL_ACCENT_COLOR_NAME = AccentColor;
				CODE_SIGN_ENTITLEMENTS = Landmarks/Landmarks.entitlements;
				CODE_SIGN_STYLE = Automatic;
				COMBINE_HIDPI_IMAGES = YES;
				CURRENT_PROJECT_VERSION = 1;
				DEVELOPMENT_ASSET_PATHS = "\"Landmarks/Preview Content\"";
				ENABLE_PREVIEWS = YES;
				GENERATE_INFOPLIST_FILE = YES;
				INFOPLIST_KEY_NSHumanReadableCopyright = "";
				LD_RUNPATH_SEARCH_PATHS = (
					"$(inherited)",
					"@executable_path/../Frameworks",
				);
				MARKETING_VERSION = 1.0;
				PRODUCT_BUNDLE_IDENTIFIER = Bundle.Landmarks;
				PRODUCT_NAME = "$(TARGET_NAME)";
				SWIFT_EMIT_LOC_STRINGS = YES;
				SWIFT_VERSION = 5.0;
			};
			name = Debug;
		};
		D6C8EBEF28B776710055056B /* Release */ = {
			isa = XCBuildConfiguration;
			buildSettings = {
				ASSETCATALOG_COMPILER_APPICON_NAME = AppIcon;
				ASSETCATALOG_COMPILER_GLOBAL_ACCENT_COLOR_NAME = AccentColor;
				CODE_SIGN_ENTITLEMENTS = Landmarks/Landmarks.entitlements;
				CODE_SIGN_STYLE = Automatic;
				COMBINE_HIDPI_IMAGES = YES;
				CURRENT_PROJECT_VERSION = 1;
				DEVELOPMENT_ASSET_PATHS = "\"Landmarks/Preview Content\"";
				ENABLE_PREVIEWS = YES;
				GENERATE_INFOPLIST_FILE = YES;
				INFOPLIST_KEY_NSHumanReadableCopyright = "";
				LD_RUNPATH_SEARCH_PATHS = (
					"$(inherited)",
					"@executable_path/../Frameworks",
				);
				MARKETING_VERSION = 1.0;
				PRODUCT_BUNDLE_IDENTIFIER = Bundle.Landmarks;
				PRODUCT_NAME = "$(TARGET_NAME)";
				SWIFT_EMIT_LOC_STRINGS = YES;
				SWIFT_VERSION = 5.0;
			};
			name = Release;
		};
/* End XCBuildConfiguration section */

/* Begin XCConfigurationList section */
		D6C8EBD928B7766C0055056B /* Build configuration list for PBXProject "Landmarks" */ = {
			isa = XCConfigurationList;
			buildConfigurations = (
				D6C8EBEB28B776710055056B /* Debug */,
				D6C8EBEC28B776710055056B /* Release */,
			);
			defaultConfigurationIsVisible = 0;
			defaultConfigurationName = Release;
		};
		D6C8EBED28B776710055056B /* Build configuration list for PBXNativeTarget "Landmarks" */ = {
			isa = XCConfigurationList;
			buildConfigurations = (
				D6C8EBEE28B776710055056B /* Debug */,
				D6C8EBEF28B776710055056B /* Release */,
			);
			defaultConfigurationIsVisible = 0;
			defaultConfigurationName = Release;
		};
/* End XCConfigurationList section */
	};
	rootObject = D6C8EBD628B7766C0055056B /* Project object */;
}
