// !$*UTF8*$!
{
	archiveVersion = 1;
	classes = {
	};
	objectVersion = 55;
	objects = {

/* Begin PBXBuildFile section */
		D65BED4C28B613BA00777B63 /* TodayApp.swift in Sources */ = {isa = PBXBuildFile; fileRef = D65BED4B28B613BA00777B63 /* TodayApp.swift */; };
		D65BED4E28B613BA00777B63 /* ContentView.swift in Sources */ = {isa = PBXBuildFile; fileRef = D65BED4D28B613BA00777B63 /* ContentView.swift */; };
		D65BED5028B613BD00777B63 /* Assets.xcassets in Resources */ = {isa = PBXBuildFile; fileRef = D65BED4F28B613BD00777B63 /* Assets.xcassets */; };
		D65BED5328B613BD00777B63 /* Preview Assets.xcassets in Resources */ = {isa = PBXBuildFile; fileRef = D65BED5228B613BD00777B63 /* Preview Assets.xcassets */; };
		D65BED5B28B6149700777B63 /* Reminder.swift in Sources */ = {isa = PBXBuildFile; fileRef = D65BED5A28B6149700777B63 /* Reminder.swift */; };
		D65BED5D28B614C600777B63 /* ReminderListViewController.swift in Sources */ = {isa = PBXBuildFile; fileRef = D65BED5C28B614C600777B63 /* ReminderListViewController.swift */; };
		D65BED6028B6157200777B63 /* DiffableDateSource.swift in Sources */ = {isa = PBXBuildFile; fileRef = D65BED5F28B6157200777B63 /* DiffableDateSource.swift */; };
		D65BED6228B615BA00777B63 /* DefiningCellConfigurations.swift in Sources */ = {isa = PBXBuildFile; fileRef = D65BED6128B615BA00777B63 /* DefiningCellConfigurations.swift */; };
		D65BED6428B6165900777B63 /* GenerateDataSourceSnapshot.swift in Sources */ = {isa = PBXBuildFile; fileRef = D65BED6328B6165900777B63 /* GenerateDataSourceSnapshot.swift */; };
		D65BED6628B6168B00777B63 /* Data+Today.swift in Sources */ = {isa = PBXBuildFile; fileRef = D65BED6528B6168B00777B63 /* Data+Today.swift */; };
		D65BED6828B616C800777B63 /* ReminderListViewController+DataSource.swift in Sources */ = {isa = PBXBuildFile; fileRef = D65BED6728B616C800777B63 /* ReminderListViewController+DataSource.swift */; };
		D65BED6A28B6180700777B63 /* ReminderDoneButton.swift in Sources */ = {isa = PBXBuildFile; fileRef = D65BED6928B6180700777B63 /* ReminderDoneButton.swift */; };
		D65BED6C28B6182F00777B63 /* ReminderListViewController+Actions.swift in Sources */ = {isa = PBXBuildFile; fileRef = D65BED6B28B6182F00777B63 /* ReminderListViewController+Actions.swift */; };
		D65BED6E28B6195700777B63 /* ReminderViewController.swift in Sources */ = {isa = PBXBuildFile; fileRef = D65BED6D28B6195700777B63 /* ReminderViewController.swift */; };
		D65BED7028B6197C00777B63 /* AppDelegate.swift in Sources */ = {isa = PBXBuildFile; fileRef = D65BED6F28B6197C00777B63 /* AppDelegate.swift */; };
		D65BED7228B619CF00777B63 /* ReminderViewController+Row.swift in Sources */ = {isa = PBXBuildFile; fileRef = D65BED7128B619CF00777B63 /* ReminderViewController+Row.swift */; };
		D65BED7428B61AAF00777B63 /* ReminderViewController+Section.swift in Sources */ = {isa = PBXBuildFile; fileRef = D65BED7328B61AAF00777B63 /* ReminderViewController+Section.swift */; };
		D65BED7628B61B6300777B63 /* ContentViewInEditingMode.swift in Sources */ = {isa = PBXBuildFile; fileRef = D65BED7528B61B6300777B63 /* ContentViewInEditingMode.swift */; };
		D65BED7828B61B8800777B63 /* CreateCustomContentView.swift in Sources */ = {isa = PBXBuildFile; fileRef = D65BED7728B61B8800777B63 /* CreateCustomContentView.swift */; };
		D65BED7A28B61BAE00777B63 /* CreateCustomConf.swift in Sources */ = {isa = PBXBuildFile; fileRef = D65BED7928B61BAE00777B63 /* CreateCustomConf.swift */; };
		D65BED7C28B61D6200777B63 /* ReminderViewController+CellConfiguration.swift in Sources */ = {isa = PBXBuildFile; fileRef = D65BED7B28B61D6200777B63 /* ReminderViewController+CellConfiguration.swift */; };
		D65BED7E28B61DBC00777B63 /* DatePickerContentView.swift in Sources */ = {isa = PBXBuildFile; fileRef = D65BED7D28B61DBC00777B63 /* DatePickerContentView.swift */; };
		D65BED8028B61DFC00777B63 /* TextViewContentView.swift in Sources */ = {isa = PBXBuildFile; fileRef = D65BED7F28B61DFC00777B63 /* TextViewContentView.swift */; };
		D65BED8228B61E3D00777B63 /* TextFieldContentView.swift in Sources */ = {isa = PBXBuildFile; fileRef = D65BED8128B61E3D00777B63 /* TextFieldContentView.swift */; };
		D65BED8428B61E8E00777B63 /* UIContentConfiguration+Stateless.swift in Sources */ = {isa = PBXBuildFile; fileRef = D65BED8328B61E8E00777B63 /* UIContentConfiguration+Stateless.swift */; };
		D65BED8628B61ED600777B63 /* UIView+PinnedSubview.swift in Sources */ = {isa = PBXBuildFile; fileRef = D65BED8528B61ED600777B63 /* UIView+PinnedSubview.swift */; };
		D65BED8828B6239E00777B63 /* ReminderListStyle.swift in Sources */ = {isa = PBXBuildFile; fileRef = D65BED8728B6239E00777B63 /* ReminderListStyle.swift */; };
		D65BED8A28B6247100777B63 /* ActionsValues.swift in Sources */ = {isa = PBXBuildFile; fileRef = D65BED8928B6247100777B63 /* ActionsValues.swift */; };
		D65BED8C28B6249000777B63 /* LabelsTraits.swift in Sources */ = {isa = PBXBuildFile; fileRef = D65BED8B28B6249000777B63 /* LabelsTraits.swift */; };
		D65BED8E28B624E100777B63 /* ProgressHeaderView.swift in Sources */ = {isa = PBXBuildFile; fileRef = D65BED8D28B624E100777B63 /* ProgressHeaderView.swift */; };
		D65BED9028B6265800777B63 /* CAGradientLayer+ListStyle.swift in Sources */ = {isa = PBXBuildFile; fileRef = D65BED8F28B6265800777B63 /* CAGradientLayer+ListStyle.swift */; };
		D65BED9228B6272700777B63 /* ReminderStore.swift in Sources */ = {isa = PBXBuildFile; fileRef = D65BED9128B6272700777B63 /* ReminderStore.swift */; };
		D65BED9428B6275C00777B63 /* TodayError.swift in Sources */ = {isa = PBXBuildFile; fileRef = D65BED9328B6275C00777B63 /* TodayError.swift */; };
		D65BED9628B6279900777B63 /* Reminder+EKReminder.swift in Sources */ = {isa = PBXBuildFile; fileRef = D65BED9528B6279900777B63 /* Reminder+EKReminder.swift */; };
		D65BED9828B627D900777B63 /* EKEventStore+AsyncFetch.swift in Sources */ = {isa = PBXBuildFile; fileRef = D65BED9728B627D900777B63 /* EKEventStore+AsyncFetch.swift */; };
		D65BED9A28B6294B00777B63 /* EKReminder+Reminder.swift in Sources */ = {isa = PBXBuildFile; fileRef = D65BED9928B6294B00777B63 /* EKReminder+Reminder.swift */; };
/* End PBXBuildFile section */

/* Begin PBXFileReference section */
		D65BED4828B613BA00777B63 /* Today.app */ = {isa = PBXFileReference; explicitFileType = wrapper.application; includeInIndex = 0; path = Today.app; sourceTree = BUILT_PRODUCTS_DIR; };
		D65BED4B28B613BA00777B63 /* TodayApp.swift */ = {isa = PBXFileReference; lastKnownFileType = sourcecode.swift; path = TodayApp.swift; sourceTree = "<group>"; };
		D65BED4D28B613BA00777B63 /* ContentView.swift */ = {isa = PBXFileReference; lastKnownFileType = sourcecode.swift; path = ContentView.swift; sourceTree = "<group>"; };
		D65BED4F28B613BD00777B63 /* Assets.xcassets */ = {isa = PBXFileReference; lastKnownFileType = folder.assetcatalog; path = Assets.xcassets; sourceTree = "<group>"; };
		D65BED5228B613BD00777B63 /* Preview Assets.xcassets */ = {isa = PBXFileReference; lastKnownFileType = folder.assetcatalog; path = "Preview Assets.xcassets"; sourceTree = "<group>"; };
		D65BED5428B613BD00777B63 /* Today.entitlements */ = {isa = PBXFileReference; lastKnownFileType = text.plist.entitlements; path = Today.entitlements; sourceTree = "<group>"; };
		D65BED5A28B6149700777B63 /* Reminder.swift */ = {isa = PBXFileReference; lastKnownFileType = sourcecode.swift; path = Reminder.swift; sourceTree = "<group>"; };
		D65BED5C28B614C600777B63 /* ReminderListViewController.swift */ = {isa = PBXFileReference; lastKnownFileType = sourcecode.swift; path = ReminderListViewController.swift; sourceTree = "<group>"; };
		D65BED5F28B6157200777B63 /* DiffableDateSource.swift */ = {isa = PBXFileReference; lastKnownFileType = sourcecode.swift; path = DiffableDateSource.swift; sourceTree = "<group>"; };
		D65BED6128B615BA00777B63 /* DefiningCellConfigurations.swift */ = {isa = PBXFileReference; lastKnownFileType = sourcecode.swift; path = DefiningCellConfigurations.swift; sourceTree = "<group>"; };
		D65BED6328B6165900777B63 /* GenerateDataSourceSnapshot.swift */ = {isa = PBXFileReference; lastKnownFileType = sourcecode.swift; path = GenerateDataSourceSnapshot.swift; sourceTree = "<group>"; };
		D65BED6528B6168B00777B63 /* Data+Today.swift */ = {isa = PBXFileReference; lastKnownFileType = sourcecode.swift; path = "Data+Today.swift"; sourceTree = "<group>"; };
		D65BED6728B616C800777B63 /* ReminderListViewController+DataSource.swift */ = {isa = PBXFileReference; lastKnownFileType = sourcecode.swift; path = "ReminderListViewController+DataSource.swift"; sourceTree = "<group>"; };
		D65BED6928B6180700777B63 /* ReminderDoneButton.swift */ = {isa = PBXFileReference; lastKnownFileType = sourcecode.swift; path = ReminderDoneButton.swift; sourceTree = "<group>"; };
		D65BED6B28B6182F00777B63 /* ReminderListViewController+Actions.swift */ = {isa = PBXFileReference; lastKnownFileType = sourcecode.swift; path = "ReminderListViewController+Actions.swift"; sourceTree = "<group>"; };
		D65BED6D28B6195700777B63 /* ReminderViewController.swift */ = {isa = PBXFileReference; lastKnownFileType = sourcecode.swift; path = ReminderViewController.swift; sourceTree = "<group>"; };
		D65BED6F28B6197C00777B63 /* AppDelegate.swift */ = {isa = PBXFileReference; lastKnownFileType = sourcecode.swift; path = AppDelegate.swift; sourceTree = "<group>"; };
		D65BED7128B619CF00777B63 /* ReminderViewController+Row.swift */ = {isa = PBXFileReference; lastKnownFileType = sourcecode.swift; path = "ReminderViewController+Row.swift"; sourceTree = "<group>"; };
		D65BED7328B61AAF00777B63 /* ReminderViewController+Section.swift */ = {isa = PBXFileReference; lastKnownFileType = sourcecode.swift; path = "ReminderViewController+Section.swift"; sourceTree = "<group>"; };
		D65BED7528B61B6300777B63 /* ContentViewInEditingMode.swift */ = {isa = PBXFileReference; lastKnownFileType = sourcecode.swift; path = ContentViewInEditingMode.swift; sourceTree = "<group>"; };
		D65BED7728B61B8800777B63 /* CreateCustomContentView.swift */ = {isa = PBXFileReference; lastKnownFileType = sourcecode.swift; path = CreateCustomContentView.swift; sourceTree = "<group>"; };
		D65BED7928B61BAE00777B63 /* CreateCustomConf.swift */ = {isa = PBXFileReference; lastKnownFileType = sourcecode.swift; path = CreateCustomConf.swift; sourceTree = "<group>"; };
		D65BED7B28B61D6200777B63 /* ReminderViewController+CellConfiguration.swift */ = {isa = PBXFileReference; lastKnownFileType = sourcecode.swift; path = "ReminderViewController+CellConfiguration.swift"; sourceTree = "<group>"; };
		D65BED7D28B61DBC00777B63 /* DatePickerContentView.swift */ = {isa = PBXFileReference; lastKnownFileType = sourcecode.swift; path = DatePickerContentView.swift; sourceTree = "<group>"; };
		D65BED7F28B61DFC00777B63 /* TextViewContentView.swift */ = {isa = PBXFileReference; lastKnownFileType = sourcecode.swift; path = TextViewContentView.swift; sourceTree = "<group>"; };
		D65BED8128B61E3D00777B63 /* TextFieldContentView.swift */ = {isa = PBXFileReference; lastKnownFileType = sourcecode.swift; path = TextFieldContentView.swift; sourceTree = "<group>"; };
		D65BED8328B61E8E00777B63 /* UIContentConfiguration+Stateless.swift */ = {isa = PBXFileReference; lastKnownFileType = sourcecode.swift; path = "UIContentConfiguration+Stateless.swift"; sourceTree = "<group>"; };
		D65BED8528B61ED600777B63 /* UIView+PinnedSubview.swift */ = {isa = PBXFileReference; lastKnownFileType = sourcecode.swift; path = "UIView+PinnedSubview.swift"; sourceTree = "<group>"; };
		D65BED8728B6239E00777B63 /* ReminderListStyle.swift */ = {isa = PBXFileReference; lastKnownFileType = sourcecode.swift; path = ReminderListStyle.swift; sourceTree = "<group>"; };
		D65BED8928B6247100777B63 /* ActionsValues.swift */ = {isa = PBXFileReference; lastKnownFileType = sourcecode.swift; path = ActionsValues.swift; sourceTree = "<group>"; };
		D65BED8B28B6249000777B63 /* LabelsTraits.swift */ = {isa = PBXFileReference; lastKnownFileType = sourcecode.swift; path = LabelsTraits.swift; sourceTree = "<group>"; };
		D65BED8D28B624E100777B63 /* ProgressHeaderView.swift */ = {isa = PBXFileReference; lastKnownFileType = sourcecode.swift; path = ProgressHeaderView.swift; sourceTree = "<group>"; };
		D65BED8F28B6265800777B63 /* CAGradientLayer+ListStyle.swift */ = {isa = PBXFileReference; lastKnownFileType = sourcecode.swift; path = "CAGradientLayer+ListStyle.swift"; sourceTree = "<group>"; };
		D65BED9128B6272700777B63 /* ReminderStore.swift */ = {isa = PBXFileReference; lastKnownFileType = sourcecode.swift; path = ReminderStore.swift; sourceTree = "<group>"; };
		D65BED9328B6275C00777B63 /* TodayError.swift */ = {isa = PBXFileReference; lastKnownFileType = sourcecode.swift; path = TodayError.swift; sourceTree = "<group>"; };
		D65BED9528B6279900777B63 /* Reminder+EKReminder.swift */ = {isa = PBXFileReference; lastKnownFileType = sourcecode.swift; path = "Reminder+EKReminder.swift"; sourceTree = "<group>"; };
		D65BED9728B627D900777B63 /* EKEventStore+AsyncFetch.swift */ = {isa = PBXFileReference; lastKnownFileType = sourcecode.swift; path = "EKEventStore+AsyncFetch.swift"; sourceTree = "<group>"; };
		D65BED9928B6294B00777B63 /* EKReminder+Reminder.swift */ = {isa = PBXFileReference; lastKnownFileType = sourcecode.swift; path = "EKReminder+Reminder.swift"; sourceTree = "<group>"; };
/* End PBXFileReference section */

/* Begin PBXFrameworksBuildPhase section */
		D65BED4528B613BA00777B63 /* Frameworks */ = {
			isa = PBXFrameworksBuildPhase;
			buildActionMask = 2147483647;
			files = (
			);
			runOnlyForDeploymentPostprocessing = 0;
		};
/* End PBXFrameworksBuildPhase section */

/* Begin PBXGroup section */
		D65BED3F28B613BA00777B63 = {
			isa = PBXGroup;
			children = (
				D65BED4A28B613BA00777B63 /* Today */,
				D65BED4928B613BA00777B63 /* Products */,
			);
			sourceTree = "<group>";
		};
		D65BED4928B613BA00777B63 /* Products */ = {
			isa = PBXGroup;
			children = (
				D65BED4828B613BA00777B63 /* Today.app */,
			);
			name = Products;
			sourceTree = "<group>";
		};
		D65BED4A28B613BA00777B63 /* Today */ = {
			isa = PBXGroup;
			children = (
				D65BED4B28B613BA00777B63 /* TodayApp.swift */,
				D65BED4D28B613BA00777B63 /* ContentView.swift */,
				D65BED5A28B6149700777B63 /* Reminder.swift */,
				D65BED5C28B614C600777B63 /* ReminderListViewController.swift */,
				D65BED6528B6168B00777B63 /* Data+Today.swift */,
				D65BED6728B616C800777B63 /* ReminderListViewController+DataSource.swift */,
				D65BED6928B6180700777B63 /* ReminderDoneButton.swift */,
				D65BED6B28B6182F00777B63 /* ReminderListViewController+Actions.swift */,
				D65BED6D28B6195700777B63 /* ReminderViewController.swift */,
				D65BED6F28B6197C00777B63 /* AppDelegate.swift */,
				D65BED7128B619CF00777B63 /* ReminderViewController+Row.swift */,
				D65BED7328B61AAF00777B63 /* ReminderViewController+Section.swift */,
				D65BED7B28B61D6200777B63 /* ReminderViewController+CellConfiguration.swift */,
				D65BED7D28B61DBC00777B63 /* DatePickerContentView.swift */,
				D65BED7F28B61DFC00777B63 /* TextViewContentView.swift */,
				D65BED8128B61E3D00777B63 /* TextFieldContentView.swift */,
				D65BED8328B61E8E00777B63 /* UIContentConfiguration+Stateless.swift */,
				D65BED8528B61ED600777B63 /* UIView+PinnedSubview.swift */,
				D65BED8728B6239E00777B63 /* ReminderListStyle.swift */,
				D65BED8D28B624E100777B63 /* ProgressHeaderView.swift */,
				D65BED8F28B6265800777B63 /* CAGradientLayer+ListStyle.swift */,
				D65BED9128B6272700777B63 /* ReminderStore.swift */,
				D65BED9328B6275C00777B63 /* TodayError.swift */,
				D65BED9528B6279900777B63 /* Reminder+EKReminder.swift */,
				D65BED9728B627D900777B63 /* EKEventStore+AsyncFetch.swift */,
				D65BED9928B6294B00777B63 /* EKReminder+Reminder.swift */,
				D65BED4F28B613BD00777B63 /* Assets.xcassets */,
				D65BED5428B613BD00777B63 /* Today.entitlements */,
				D65BED5128B613BD00777B63 /* Preview Content */,
				D65BED5E28B6155500777B63 /* Scripts */,
			);
			path = Today;
			sourceTree = "<group>";
		};
		D65BED5128B613BD00777B63 /* Preview Content */ = {
			isa = PBXGroup;
			children = (
				D65BED5228B613BD00777B63 /* Preview Assets.xcassets */,
			);
			path = "Preview Content";
			sourceTree = "<group>";
		};
		D65BED5E28B6155500777B63 /* Scripts */ = {
			isa = PBXGroup;
			children = (
				D65BED5F28B6157200777B63 /* DiffableDateSource.swift */,
				D65BED6128B615BA00777B63 /* DefiningCellConfigurations.swift */,
				D65BED6328B6165900777B63 /* GenerateDataSourceSnapshot.swift */,
				D65BED7528B61B6300777B63 /* ContentViewInEditingMode.swift */,
				D65BED7728B61B8800777B63 /* CreateCustomContentView.swift */,
				D65BED7928B61BAE00777B63 /* CreateCustomConf.swift */,
				D65BED8928B6247100777B63 /* ActionsValues.swift */,
				D65BED8B28B6249000777B63 /* LabelsTraits.swift */,
			);
			path = Scripts;
			sourceTree = "<group>";
		};
/* End PBXGroup section */

/* Begin PBXNativeTarget section */
		D65BED4728B613BA00777B63 /* Today */ = {
			isa = PBXNativeTarget;
			buildConfigurationList = D65BED5728B613BD00777B63 /* Build configuration list for PBXNativeTarget "Today" */;
			buildPhases = (
				D65BED4428B613BA00777B63 /* Sources */,
				D65BED4528B613BA00777B63 /* Frameworks */,
				D65BED4628B613BA00777B63 /* Resources */,
			);
			buildRules = (
			);
			dependencies = (
			);
			name = Today;
			productName = Today;
			productReference = D65BED4828B613BA00777B63 /* Today.app */;
			productType = "com.apple.product-type.application";
		};
/* End PBXNativeTarget section */

/* Begin PBXProject section */
		D65BED4028B613BA00777B63 /* Project object */ = {
			isa = PBXProject;
			attributes = {
				BuildIndependentTargetsInParallel = 1;
				LastSwiftUpdateCheck = 1340;
				LastUpgradeCheck = 1340;
				TargetAttributes = {
					D65BED4728B613BA00777B63 = {
						CreatedOnToolsVersion = 13.4.1;
					};
				};
			};
			buildConfigurationList = D65BED4328B613BA00777B63 /* Build configuration list for PBXProject "Today" */;
			compatibilityVersion = "Xcode 13.0";
			developmentRegion = en;
			hasScannedForEncodings = 0;
			knownRegions = (
				en,
				Base,
			);
			mainGroup = D65BED3F28B613BA00777B63;
			productRefGroup = D65BED4928B613BA00777B63 /* Products */;
			projectDirPath = "";
			projectRoot = "";
			targets = (
				D65BED4728B613BA00777B63 /* Today */,
			);
		};
/* End PBXProject section */

/* Begin PBXResourcesBuildPhase section */
		D65BED4628B613BA00777B63 /* Resources */ = {
			isa = PBXResourcesBuildPhase;
			buildActionMask = 2147483647;
			files = (
				D65BED5328B613BD00777B63 /* Preview Assets.xcassets in Resources */,
				D65BED5028B613BD00777B63 /* Assets.xcassets in Resources */,
			);
			runOnlyForDeploymentPostprocessing = 0;
		};
/* End PBXResourcesBuildPhase section */

/* Begin PBXSourcesBuildPhase section */
		D65BED4428B613BA00777B63 /* Sources */ = {
			isa = PBXSourcesBuildPhase;
			buildActionMask = 2147483647;
			files = (
				D65BED9428B6275C00777B63 /* TodayError.swift in Sources */,
				D65BED7428B61AAF00777B63 /* ReminderViewController+Section.swift in Sources */,
				D65BED8428B61E8E00777B63 /* UIContentConfiguration+Stateless.swift in Sources */,
				D65BED6028B6157200777B63 /* DiffableDateSource.swift in Sources */,
				D65BED7828B61B8800777B63 /* CreateCustomContentView.swift in Sources */,
				D65BED9028B6265800777B63 /* CAGradientLayer+ListStyle.swift in Sources */,
				D65BED8028B61DFC00777B63 /* TextViewContentView.swift in Sources */,
				D65BED8228B61E3D00777B63 /* TextFieldContentView.swift in Sources */,
				D65BED8C28B6249000777B63 /* LabelsTraits.swift in Sources */,
				D65BED6628B6168B00777B63 /* Data+Today.swift in Sources */,
				D65BED9228B6272700777B63 /* ReminderStore.swift in Sources */,
				D65BED8E28B624E100777B63 /* ProgressHeaderView.swift in Sources */,
				D65BED7C28B61D6200777B63 /* ReminderViewController+CellConfiguration.swift in Sources */,
				D65BED7A28B61BAE00777B63 /* CreateCustomConf.swift in Sources */,
				D65BED6828B616C800777B63 /* ReminderListViewController+DataSource.swift in Sources */,
				D65BED8828B6239E00777B63 /* ReminderListStyle.swift in Sources */,
				D65BED5D28B614C600777B63 /* ReminderListViewController.swift in Sources */,
				D65BED6228B615BA00777B63 /* DefiningCellConfigurations.swift in Sources */,
				D65BED8628B61ED600777B63 /* UIView+PinnedSubview.swift in Sources */,
				D65BED5B28B6149700777B63 /* Reminder.swift in Sources */,
				D65BED6428B6165900777B63 /* GenerateDataSourceSnapshot.swift in Sources */,
				D65BED6A28B6180700777B63 /* ReminderDoneButton.swift in Sources */,
				D65BED7028B6197C00777B63 /* AppDelegate.swift in Sources */,
				D65BED9A28B6294B00777B63 /* EKReminder+Reminder.swift in Sources */,
				D65BED6E28B6195700777B63 /* ReminderViewController.swift in Sources */,
				D65BED6C28B6182F00777B63 /* ReminderListViewController+Actions.swift in Sources */,
				D65BED4E28B613BA00777B63 /* ContentView.swift in Sources */,
				D65BED8A28B6247100777B63 /* ActionsValues.swift in Sources */,
				D65BED9828B627D900777B63 /* EKEventStore+AsyncFetch.swift in Sources */,
				D65BED9628B6279900777B63 /* Reminder+EKReminder.swift in Sources */,
				D65BED7E28B61DBC00777B63 /* DatePickerContentView.swift in Sources */,
				D65BED7228B619CF00777B63 /* ReminderViewController+Row.swift in Sources */,
				D65BED4C28B613BA00777B63 /* TodayApp.swift in Sources */,
				D65BED7628B61B6300777B63 /* ContentViewInEditingMode.swift in Sources */,
			);
			runOnlyForDeploymentPostprocessing = 0;
		};
/* End PBXSourcesBuildPhase section */

/* Begin XCBuildConfiguration section */
		D65BED5528B613BD00777B63 /* Debug */ = {
			isa = XCBuildConfiguration;
			buildSettings = {
				ALWAYS_SEARCH_USER_PATHS = NO;
				CLANG_ANALYZER_NONNULL = YES;
				CLANG_ANALYZER_NUMBER_OBJECT_CONVERSION = YES_AGGRESSIVE;
				CLANG_CXX_LANGUAGE_STANDARD = "gnu++17";
				CLANG_ENABLE_MODULES = YES;
				CLANG_ENABLE_OBJC_ARC = YES;
				CLANG_ENABLE_OBJC_WEAK = YES;
				CLANG_WARN_BLOCK_CAPTURE_AUTORELEASING = YES;
				CLANG_WARN_BOOL_CONVERSION = YES;
				CLANG_WARN_COMMA = YES;
				CLANG_WARN_CONSTANT_CONVERSION = YES;
				CLANG_WARN_DEPRECATED_OBJC_IMPLEMENTATIONS = YES;
				CLANG_WARN_DIRECT_OBJC_ISA_USAGE = YES_ERROR;
				CLANG_WARN_DOCUMENTATION_COMMENTS = YES;
				CLANG_WARN_EMPTY_BODY = YES;
				CLANG_WARN_ENUM_CONVERSION = YES;
				CLANG_WARN_INFINITE_RECURSION = YES;
				CLANG_WARN_INT_CONVERSION = YES;
				CLANG_WARN_NON_LITERAL_NULL_CONVERSION = YES;
				CLANG_WARN_OBJC_IMPLICIT_RETAIN_SELF = YES;
				CLANG_WARN_OBJC_LITERAL_CONVERSION = YES;
				CLANG_WARN_OBJC_ROOT_CLASS = YES_ERROR;
				CLANG_WARN_QUOTED_INCLUDE_IN_FRAMEWORK_HEADER = YES;
				CLANG_WARN_RANGE_LOOP_ANALYSIS = YES;
				CLANG_WARN_STRICT_PROTOTYPES = YES;
				CLANG_WARN_SUSPICIOUS_MOVE = YES;
				CLANG_WARN_UNGUARDED_AVAILABILITY = YES_AGGRESSIVE;
				CLANG_WARN_UNREACHABLE_CODE = YES;
				CLANG_WARN__DUPLICATE_METHOD_MATCH = YES;
				COPY_PHASE_STRIP = NO;
				DEBUG_INFORMATION_FORMAT = dwarf;
				ENABLE_STRICT_OBJC_MSGSEND = YES;
				ENABLE_TESTABILITY = YES;
				GCC_C_LANGUAGE_STANDARD = gnu11;
				GCC_DYNAMIC_NO_PIC = NO;
				GCC_NO_COMMON_BLOCKS = YES;
				GCC_OPTIMIZATION_LEVEL = 0;
				GCC_PREPROCESSOR_DEFINITIONS = (
					"DEBUG=1",
					"$(inherited)",
				);
				GCC_WARN_64_TO_32_BIT_CONVERSION = YES;
				GCC_WARN_ABOUT_RETURN_TYPE = YES_ERROR;
				GCC_WARN_UNDECLARED_SELECTOR = YES;
				GCC_WARN_UNINITIALIZED_AUTOS = YES_AGGRESSIVE;
				GCC_WARN_UNUSED_FUNCTION = YES;
				GCC_WARN_UNUSED_VARIABLE = YES;
				MACOSX_DEPLOYMENT_TARGET = 12.3;
				MTL_ENABLE_DEBUG_INFO = INCLUDE_SOURCE;
				MTL_FAST_MATH = YES;
				ONLY_ACTIVE_ARCH = YES;
				SDKROOT = macosx;
				SWIFT_ACTIVE_COMPILATION_CONDITIONS = DEBUG;
				SWIFT_OPTIMIZATION_LEVEL = "-Onone";
			};
			name = Debug;
		};
		D65BED5628B613BD00777B63 /* Release */ = {
			isa = XCBuildConfiguration;
			buildSettings = {
				ALWAYS_SEARCH_USER_PATHS = NO;
				CLANG_ANALYZER_NONNULL = YES;
				CLANG_ANALYZER_NUMBER_OBJECT_CONVERSION = YES_AGGRESSIVE;
				CLANG_CXX_LANGUAGE_STANDARD = "gnu++17";
				CLANG_ENABLE_MODULES = YES;
				CLANG_ENABLE_OBJC_ARC = YES;
				CLANG_ENABLE_OBJC_WEAK = YES;
				CLANG_WARN_BLOCK_CAPTURE_AUTORELEASING = YES;
				CLANG_WARN_BOOL_CONVERSION = YES;
				CLANG_WARN_COMMA = YES;
				CLANG_WARN_CONSTANT_CONVERSION = YES;
				CLANG_WARN_DEPRECATED_OBJC_IMPLEMENTATIONS = YES;
				CLANG_WARN_DIRECT_OBJC_ISA_USAGE = YES_ERROR;
				CLANG_WARN_DOCUMENTATION_COMMENTS = YES;
				CLANG_WARN_EMPTY_BODY = YES;
				CLANG_WARN_ENUM_CONVERSION = YES;
				CLANG_WARN_INFINITE_RECURSION = YES;
				CLANG_WARN_INT_CONVERSION = YES;
				CLANG_WARN_NON_LITERAL_NULL_CONVERSION = YES;
				CLANG_WARN_OBJC_IMPLICIT_RETAIN_SELF = YES;
				CLANG_WARN_OBJC_LITERAL_CONVERSION = YES;
				CLANG_WARN_OBJC_ROOT_CLASS = YES_ERROR;
				CLANG_WARN_QUOTED_INCLUDE_IN_FRAMEWORK_HEADER = YES;
				CLANG_WARN_RANGE_LOOP_ANALYSIS = YES;
				CLANG_WARN_STRICT_PROTOTYPES = YES;
				CLANG_WARN_SUSPICIOUS_MOVE = YES;
				CLANG_WARN_UNGUARDED_AVAILABILITY = YES_AGGRESSIVE;
				CLANG_WARN_UNREACHABLE_CODE = YES;
				CLANG_WARN__DUPLICATE_METHOD_MATCH = YES;
				COPY_PHASE_STRIP = NO;
				DEBUG_INFORMATION_FORMAT = "dwarf-with-dsym";
				ENABLE_NS_ASSERTIONS = NO;
				ENABLE_STRICT_OBJC_MSGSEND = YES;
				GCC_C_LANGUAGE_STANDARD = gnu11;
				GCC_NO_COMMON_BLOCKS = YES;
				GCC_WARN_64_TO_32_BIT_CONVERSION = YES;
				GCC_WARN_ABOUT_RETURN_TYPE = YES_ERROR;
				GCC_WARN_UNDECLARED_SELECTOR = YES;
				GCC_WARN_UNINITIALIZED_AUTOS = YES_AGGRESSIVE;
				GCC_WARN_UNUSED_FUNCTION = YES;
				GCC_WARN_UNUSED_VARIABLE = YES;
				MACOSX_DEPLOYMENT_TARGET = 12.3;
				MTL_ENABLE_DEBUG_INFO = NO;
				MTL_FAST_MATH = YES;
				SDKROOT = macosx;
				SWIFT_COMPILATION_MODE = wholemodule;
				SWIFT_OPTIMIZATION_LEVEL = "-O";
			};
			name = Release;
		};
		D65BED5828B613BD00777B63 /* Debug */ = {
			isa = XCBuildConfiguration;
			buildSettings = {
				ASSETCATALOG_COMPILER_APPICON_NAME = AppIcon;
				ASSETCATALOG_COMPILER_GLOBAL_ACCENT_COLOR_NAME = AccentColor;
				CODE_SIGN_ENTITLEMENTS = Today/Today.entitlements;
				CODE_SIGN_STYLE = Automatic;
				COMBINE_HIDPI_IMAGES = YES;
				CURRENT_PROJECT_VERSION = 1;
				DEVELOPMENT_ASSET_PATHS = "\"Today/Preview Content\"";
				ENABLE_PREVIEWS = YES;
				GENERATE_INFOPLIST_FILE = YES;
				INFOPLIST_KEY_NSHumanReadableCopyright = "";
				LD_RUNPATH_SEARCH_PATHS = (
					"$(inherited)",
					"@executable_path/../Frameworks",
				);
				MARKETING_VERSION = 1.0;
				PRODUCT_BUNDLE_IDENTIFIER = Bundle.Today;
				PRODUCT_NAME = "$(TARGET_NAME)";
				SWIFT_EMIT_LOC_STRINGS = YES;
				SWIFT_VERSION = 5.0;
			};
			name = Debug;
		};
		D65BED5928B613BD00777B63 /* Release */ = {
			isa = XCBuildConfiguration;
			buildSettings = {
				ASSETCATALOG_COMPILER_APPICON_NAME = AppIcon;
				ASSETCATALOG_COMPILER_GLOBAL_ACCENT_COLOR_NAME = AccentColor;
				CODE_SIGN_ENTITLEMENTS = Today/Today.entitlements;
				CODE_SIGN_STYLE = Automatic;
				COMBINE_HIDPI_IMAGES = YES;
				CURRENT_PROJECT_VERSION = 1;
				DEVELOPMENT_ASSET_PATHS = "\"Today/Preview Content\"";
				ENABLE_PREVIEWS = YES;
				GENERATE_INFOPLIST_FILE = YES;
				INFOPLIST_KEY_NSHumanReadableCopyright = "";
				LD_RUNPATH_SEARCH_PATHS = (
					"$(inherited)",
					"@executable_path/../Frameworks",
				);
				MARKETING_VERSION = 1.0;
				PRODUCT_BUNDLE_IDENTIFIER = Bundle.Today;
				PRODUCT_NAME = "$(TARGET_NAME)";
				SWIFT_EMIT_LOC_STRINGS = YES;
				SWIFT_VERSION = 5.0;
			};
			name = Release;
		};
/* End XCBuildConfiguration section */

/* Begin XCConfigurationList section */
		D65BED4328B613BA00777B63 /* Build configuration list for PBXProject "Today" */ = {
			isa = XCConfigurationList;
			buildConfigurations = (
				D65BED5528B613BD00777B63 /* Debug */,
				D65BED5628B613BD00777B63 /* Release */,
			);
			defaultConfigurationIsVisible = 0;
			defaultConfigurationName = Release;
		};
		D65BED5728B613BD00777B63 /* Build configuration list for PBXNativeTarget "Today" */ = {
			isa = XCConfigurationList;
			buildConfigurations = (
				D65BED5828B613BD00777B63 /* Debug */,
				D65BED5928B613BD00777B63 /* Release */,
			);
			defaultConfigurationIsVisible = 0;
			defaultConfigurationName = Release;
		};
/* End XCConfigurationList section */
	};
	rootObject = D65BED4028B613BA00777B63 /* Project object */;
}
